
Microsoft Visual Studio Solution File, Format Version 12.00
# Visual Studio Version 16
VisualStudioVersion = 16.0.30114.105
MinimumVisualStudioVersion = 10.0.40219.1
Project("{9A19103F-16F7-4668-BE54-9A1E7A4F7556}") = "Quan.ControlLibrary", "src\Quan.ControlLibrary\Quan.ControlLibrary.csproj", "{842CB01F-CFE9-47B8-98ED-53CCF6C583A3}"
EndProject
Project("{9A19103F-16F7-4668-BE54-9A1E7A4F7556}") = "Quan.ControlLibrary.Demo", "src\Quan.ControlLibrary.Demo\Quan.ControlLibrary.Demo.csproj", "{73E7E12D-5527-4946-883E-988989E4B12D}"
EndProject
Project("{2150E333-8FDC-42A3-9474-1A3956D46DE8}") = "Solution Items", "Solution Items", "{2AA99ED0-864C-4C91-A247-8AB8273A1C29}"
	ProjectSection(SolutionItems) = preProject
		Directory.Build.props = Directory.Build.props
	EndProjectSection
EndProject
Global
	GlobalSection(SolutionConfigurationPlatforms) = preSolution
		Debug|Any CPU = Debug|Any CPU
		Release|Any CPU = Release|Any CPU
	EndGlobalSection
	GlobalSection(ProjectConfigurationPlatforms) = postSolution
		{842CB01F-CFE9-47B8-98ED-53CCF6C583A3}.Debug|Any CPU.ActiveCfg = Debug|Any CPU
		{842CB01F-CFE9-47B8-98ED-53CCF6C583A3}.Debug|Any CPU.Build.0 = Debug|Any CPU
		{842CB01F-CFE9-47B8-98ED-53CCF6C583A3}.Release|Any CPU.ActiveCfg = Release|Any CPU
		{842CB01F-CFE9-47B8-98ED-53CCF6C583A3}.Release|Any CPU.Build.0 = Release|Any CPU
		{73E7E12D-5527-4946-883E-988989E4B12D}.Debug|Any CPU.ActiveCfg = Debug|Any CPU
		{73E7E12D-5527-4946-883E-988989E4B12D}.Debug|Any CPU.Build.0 = Debug|Any CPU
		{73E7E12D-5527-4946-883E-988989E4B12D}.Release|Any CPU.ActiveCfg = Release|Any CPU
		{73E7E12D-5527-4946-883E-988989E4B12D}.Release|Any CPU.Build.0 = Release|Any CPU
	EndGlobalSection
	GlobalSection(SolutionProperties) = preSolution
		HideSolutionNode = FALSE
	EndGlobalSection
	GlobalSection(ExtensibilityGlobals) = postSolution
		SolutionGuid = {D8FFBA6B-529B-4801-8BC2-EC43452596CD}
	EndGlobalSection
EndGlobal
